// !$*UTF8*$!
{
	archiveVersion = 1;
	classes = {
	};
	objectVersion = 56;
	objects = {

/* Begin PBXBuildFile section */
		02C7036F2AE60BCE00E27B2A /* AppDelegate.swift in Sources */ = {isa = PBXBuildFile; fileRef = 02C7036E2AE60BCE00E27B2A /* AppDelegate.swift */; };
		02C703712AE60BCE00E27B2A /* SceneDelegate.swift in Sources */ = {isa = PBXBuildFile; fileRef = 02C703702AE60BCE00E27B2A /* SceneDelegate.swift */; };
		02C703732AE60BCE00E27B2A /* ViewController.swift in Sources */ = {isa = PBXBuildFile; fileRef = 02C703722AE60BCE00E27B2A /* ViewController.swift */; };
		02C703762AE60BCE00E27B2A /* Main.storyboard in Resources */ = {isa = PBXBuildFile; fileRef = 02C703742AE60BCE00E27B2A /* Main.storyboard */; };
		02C703782AE60BCF00E27B2A /* Assets.xcassets in Resources */ = {isa = PBXBuildFile; fileRef = 02C703772AE60BCF00E27B2A /* Assets.xcassets */; };
		02C7037B2AE60BCF00E27B2A /* LaunchScreen.storyboard in Resources */ = {isa = PBXBuildFile; fileRef = 02C703792AE60BCF00E27B2A /* LaunchScreen.storyboard */; };
		C34B36D94E45919C1B307F71 /* Pods_ChameleonExample.framework in Frameworks */ = {isa = PBXBuildFile; fileRef = E808B058F1E371464F2D2E67 /* Pods_ChameleonExample.framework */; };
/* End PBXBuildFile section */

/* Begin PBXFileReference section */
		02C7036B2AE60BCE00E27B2A /* ChameleonExample.app */ = {isa = PBXFileReference; explicitFileType = wrapper.application; includeInIndex = 0; path = ChameleonExample.app; sourceTree = BUILT_PRODUCTS_DIR; };
		02C7036E2AE60BCE00E27B2A /* AppDelegate.swift */ = {isa = PBXFileReference; lastKnownFileType = sourcecode.swift; path = AppDelegate.swift; sourceTree = "<group>"; };
		02C703702AE60BCE00E27B2A /* SceneDelegate.swift */ = {isa = PBXFileReference; lastKnownFileType = sourcecode.swift; path = SceneDelegate.swift; sourceTree = "<group>"; };
		02C703722AE60BCE00E27B2A /* ViewController.swift */ = {isa = PBXFileReference; lastKnownFileType = sourcecode.swift; path = ViewController.swift; sourceTree = "<group>"; };
		02C703752AE60BCE00E27B2A /* Base */ = {isa = PBXFileReference; lastKnownFileType = file.storyboard; name = Base; path = Base.lproj/Main.storyboard; sourceTree = "<group>"; };
		02C703772AE60BCF00E27B2A /* Assets.xcassets */ = {isa = PBXFileReference; lastKnownFileType = folder.assetcatalog; path = Assets.xcassets; sourceTree = "<group>"; };
		02C7037A2AE60BCF00E27B2A /* Base */ = {isa = PBXFileReference; lastKnownFileType = file.storyboard; name = Base; path = Base.lproj/LaunchScreen.storyboard; sourceTree = "<group>"; };
		02C7037C2AE60BCF00E27B2A /* Info.plist */ = {isa = PBXFileReference; lastKnownFileType = text.plist.xml; path = Info.plist; sourceTree = "<group>"; };
		39C008DE655C3F50301FA68D /* Pods-ChameleonExample.debug.xcconfig */ = {isa = PBXFileReference; includeInIndex = 1; lastKnownFileType = text.xcconfig; name = "Pods-ChameleonExample.debug.xcconfig"; path = "Target Support Files/Pods-ChameleonExample/Pods-ChameleonExample.debug.xcconfig"; sourceTree = "<group>"; };
		E808B058F1E371464F2D2E67 /* Pods_ChameleonExample.framework */ = {isa = PBXFileReference; explicitFileType = wrapper.framework; includeInIndex = 0; path = Pods_ChameleonExample.framework; sourceTree = BUILT_PRODUCTS_DIR; };
		FF8FCE6E8931E5A096086F14 /* Pods-ChameleonExample.release.xcconfig */ = {isa = PBXFileReference; includeInIndex = 1; lastKnownFileType = text.xcconfig; name = "Pods-ChameleonExample.release.xcconfig"; path = "Target Support Files/Pods-ChameleonExample/Pods-ChameleonExample.release.xcconfig"; sourceTree = "<group>"; };
/* End PBXFileReference section */

/* Begin PBXFrameworksBuildPhase section */
		02C703682AE60BCE00E27B2A /* Frameworks */ = {
			isa = PBXFrameworksBuildPhase;
			buildActionMask = 2147483647;
			files = (
				C34B36D94E45919C1B307F71 /* Pods_ChameleonExample.framework in Frameworks */,
			);
			runOnlyForDeploymentPostprocessing = 0;
		};
/* End PBXFrameworksBuildPhase section */

/* Begin PBXGroup section */
		02C703622AE60BCE00E27B2A = {
			isa = PBXGroup;
			children = (
				02C7036D2AE60BCE00E27B2A /* ChameleonExample */,
				02C7036C2AE60BCE00E27B2A /* Products */,
				E2956C3710FF51349A090C19 /* Pods */,
				A08FE121F2DF8C1DE219F215 /* Frameworks */,
			);
			sourceTree = "<group>";
		};
		02C7036C2AE60BCE00E27B2A /* Products */ = {
			isa = PBXGroup;
			children = (
				02C7036B2AE60BCE00E27B2A /* ChameleonExample.app */,
			);
			name = Products;
			sourceTree = "<group>";
		};
		02C7036D2AE60BCE00E27B2A /* ChameleonExample */ = {
			isa = PBXGroup;
			children = (
				02C7036E2AE60BCE00E27B2A /* AppDelegate.swift */,
				02C703702AE60BCE00E27B2A /* SceneDelegate.swift */,
				02C703722AE60BCE00E27B2A /* ViewController.swift */,
				02C703742AE60BCE00E27B2A /* Main.storyboard */,
				02C703772AE60BCF00E27B2A /* Assets.xcassets */,
				02C703792AE60BCF00E27B2A /* LaunchScreen.storyboard */,
				02C7037C2AE60BCF00E27B2A /* Info.plist */,
			);
			path = ChameleonExample;
			sourceTree = "<group>";
		};
		A08FE121F2DF8C1DE219F215 /* Frameworks */ = {
			isa = PBXGroup;
			children = (
				E808B058F1E371464F2D2E67 /* Pods_ChameleonExample.framework */,
			);
			name = Frameworks;
			sourceTree = "<group>";
		};
		E2956C3710FF51349A090C19 /* Pods */ = {
			isa = PBXGroup;
			children = (
				39C008DE655C3F50301FA68D /* Pods-ChameleonExample.debug.xcconfig */,
				FF8FCE6E8931E5A096086F14 /* Pods-ChameleonExample.release.xcconfig */,
			);
			path = Pods;
			sourceTree = "<group>";
		};
/* End PBXGroup section */

/* Begin PBXNativeTarget section */
		02C7036A2AE60BCE00E27B2A /* ChameleonExample */ = {
			isa = PBXNativeTarget;
			buildConfigurationList = 02C7037F2AE60BCF00E27B2A /* Build configuration list for PBXNativeTarget "ChameleonExample" */;
			buildPhases = (
				8C13DF046BE0FAA7D60BD85B /* [CP] Check Pods Manifest.lock */,
				02C703672AE60BCE00E27B2A /* Sources */,
				02C703682AE60BCE00E27B2A /* Frameworks */,
				02C703692AE60BCE00E27B2A /* Resources */,
				E844D5FAB8BB13B9DFD75AE5 /* [CP] Embed Pods Frameworks */,
			);
			buildRules = (
			);
			dependencies = (
			);
			name = ChameleonExample;
			productName = ChameleonExample;
			productReference = 02C7036B2AE60BCE00E27B2A /* ChameleonExample.app */;
			productType = "com.apple.product-type.application";
		};
/* End PBXNativeTarget section */

/* Begin PBXProject section */
		02C703632AE60BCE00E27B2A /* Project object */ = {
			isa = PBXProject;
			attributes = {
				BuildIndependentTargetsInParallel = 1;
				LastSwiftUpdateCheck = 1500;
				LastUpgradeCheck = 1500;
				TargetAttributes = {
					02C7036A2AE60BCE00E27B2A = {
						CreatedOnToolsVersion = 15.0.1;
					};
				};
			};
			buildConfigurationList = 02C703662AE60BCE00E27B2A /* Build configuration list for PBXProject "ChameleonExample" */;
			compatibilityVersion = "Xcode 14.0";
			developmentRegion = en;
			hasScannedForEncodings = 0;
			knownRegions = (
				en,
				Base,
			);
			mainGroup = 02C703622AE60BCE00E27B2A;
			packageReferences = (
			);
			productRefGroup = 02C7036C2AE60BCE00E27B2A /* Products */;
			projectDirPath = "";
			projectRoot = "";
			targets = (
				02C7036A2AE60BCE00E27B2A /* ChameleonExample */,
			);
		};
/* End PBXProject section */

/* Begin PBXResourcesBuildPhase section */
		02C703692AE60BCE00E27B2A /* Resources */ = {
			isa = PBXResourcesBuildPhase;
			buildActionMask = 2147483647;
			files = (
				02C7037B2AE60BCF00E27B2A /* LaunchScreen.storyboard in Resources */,
				02C703782AE60BCF00E27B2A /* Assets.xcassets in Resources */,
				02C703762AE60BCE00E27B2A /* Main.storyboard in Resources */,
			);
			runOnlyForDeploymentPostprocessing = 0;
		};
/* End PBXResourcesBuildPhase section */

/* Begin PBXShellScriptBuildPhase section */
		8C13DF046BE0FAA7D60BD85B /* [CP] Check Pods Manifest.lock */ = {
			isa = PBXShellScriptBuildPhase;
			buildActionMask = 2147483647;
			files = (
			);
			inputFileListPaths = (
			);
			inputPaths = (
				"${PODS_PODFILE_DIR_PATH}/Podfile.lock",
				"${PODS_ROOT}/Manifest.lock",
			);
			name = "[CP] Check Pods Manifest.lock";
			outputFileListPaths = (
			);
			outputPaths = (
				"$(DERIVED_FILE_DIR)/Pods-ChameleonExample-checkManifestLockResult.txt",
			);
			runOnlyForDeploymentPostprocessing = 0;
			shellPath = /bin/sh;
			shellScript = "diff \"${PODS_PODFILE_DIR_PATH}/Podfile.lock\" \"${PODS_ROOT}/Manifest.lock\" > /dev/null\nif [ $? != 0 ] ; then\n    # print error to STDERR\n    echo \"error: The sandbox is not in sync with the Podfile.lock. Run 'pod install' or update your CocoaPods installation.\" >&2\n    exit 1\nfi\n# This output is used by Xcode 'outputs' to avoid re-running this script phase.\necho \"SUCCESS\" > \"${SCRIPT_OUTPUT_FILE_0}\"\n";
			showEnvVarsInLog = 0;
		};
		E844D5FAB8BB13B9DFD75AE5 /* [CP] Embed Pods Frameworks */ = {
			isa = PBXShellScriptBuildPhase;
			buildActionMask = 2147483647;
			files = (
			);
			inputFileListPaths = (
				"${PODS_ROOT}/Target Support Files/Pods-ChameleonExample/Pods-ChameleonExample-frameworks-${CONFIGURATION}-input-files.xcfilelist",
			);
			name = "[CP] Embed Pods Frameworks";
			outputFileListPaths = (
				"${PODS_ROOT}/Target Support Files/Pods-ChameleonExample/Pods-ChameleonExample-frameworks-${CONFIGURATION}-output-files.xcfilelist",
			);
			runOnlyForDeploymentPostprocessing = 0;
			shellPath = /bin/sh;
			shellScript = "\"${PODS_ROOT}/Target Support Files/Pods-ChameleonExample/Pods-ChameleonExample-frameworks.sh\"\n";
			showEnvVarsInLog = 0;
		};
/* End PBXShellScriptBuildPhase section */

/* Begin PBXSourcesBuildPhase section */
		02C703672AE60BCE00E27B2A /* Sources */ = {
			isa = PBXSourcesBuildPhase;
			buildActionMask = 2147483647;
			files = (
				02C703732AE60BCE00E27B2A /* ViewController.swift in Sources */,
				02C7036F2AE60BCE00E27B2A /* AppDelegate.swift in Sources */,
				02C703712AE60BCE00E27B2A /* SceneDelegate.swift in Sources */,
			);
			runOnlyForDeploymentPostprocessing = 0;
		};
/* End PBXSourcesBuildPhase section */

/* Begin PBXVariantGroup section */
		02C703742AE60BCE00E27B2A /* Main.storyboard */ = {
			isa = PBXVariantGroup;
			children = (
				02C703752AE60BCE00E27B2A /* Base */,
			);
			name = Main.storyboard;
			sourceTree = "<group>";
		};
		02C703792AE60BCF00E27B2A /* LaunchScreen.storyboard */ = {
			isa = PBXVariantGroup;
			children = (
				02C7037A2AE60BCF00E27B2A /* Base */,
			);
			name = LaunchScreen.storyboard;
			sourceTree = "<group>";
		};
/* End PBXVariantGroup section */

/* Begin XCBuildConfiguration section */
		02C7037D2AE60BCF00E27B2A /* Debug */ = {
			isa = XCBuildConfiguration;
			buildSettings = {
				ALWAYS_SEARCH_USER_PATHS = NO;
				ASSETCATALOG_COMPILER_GENERATE_SWIFT_ASSET_SYMBOL_EXTENSIONS = YES;
				CLANG_ANALYZER_NONNULL = YES;
				CLANG_ANALYZER_NUMBER_OBJECT_CONVERSION = YES_AGGRESSIVE;
				CLANG_CXX_LANGUAGE_STANDARD = "gnu++20";
				CLANG_ENABLE_MODULES = YES;
				CLANG_ENABLE_OBJC_ARC = YES;
				CLANG_ENABLE_OBJC_WEAK = YES;
				CLANG_WARN_BLOCK_CAPTURE_AUTORELEASING = YES;
				CLANG_WARN_BOOL_CONVERSION = YES;
				CLANG_WARN_COMMA = YES;
				CLANG_WARN_CONSTANT_CONVERSION = YES;
				CLANG_WARN_DEPRECATED_OBJC_IMPLEMENTATIONS = YES;
				CLANG_WARN_DIRECT_OBJC_ISA_USAGE = YES_ERROR;
				CLANG_WARN_DOCUMENTATION_COMMENTS = YES;
				CLANG_WARN_EMPTY_BODY = YES;
				CLANG_WARN_ENUM_CONVERSION = YES;
				CLANG_WARN_INFINITE_RECURSION = YES;
				CLANG_WARN_INT_CONVERSION = YES;
				CLANG_WARN_NON_LITERAL_NULL_CONVERSION = YES;
				CLANG_WARN_OBJC_IMPLICIT_RETAIN_SELF = YES;
				CLANG_WARN_OBJC_LITERAL_CONVERSION = YES;
				CLANG_WARN_OBJC_ROOT_CLASS = YES_ERROR;
				CLANG_WARN_QUOTED_INCLUDE_IN_FRAMEWORK_HEADER = YES;
				CLANG_WARN_RANGE_LOOP_ANALYSIS = YES;
				CLANG_WARN_STRICT_PROTOTYPES = YES;
				CLANG_WARN_SUSPICIOUS_MOVE = YES;
				CLANG_WARN_UNGUARDED_AVAILABILITY = YES_AGGRESSIVE;
				CLANG_WARN_UNREACHABLE_CODE = YES;
				CLANG_WARN__DUPLICATE_METHOD_MATCH = YES;
				COPY_PHASE_STRIP = NO;
				DEBUG_INFORMATION_FORMAT = dwarf;
				ENABLE_STRICT_OBJC_MSGSEND = YES;
				ENABLE_TESTABILITY = YES;
				ENABLE_USER_SCRIPT_SANDBOXING = NO;
				GCC_C_LANGUAGE_STANDARD = gnu17;
				GCC_DYNAMIC_NO_PIC = NO;
				GCC_NO_COMMON_BLOCKS = YES;
				GCC_OPTIMIZATION_LEVEL = 0;
				GCC_PREPROCESSOR_DEFINITIONS = (
					"DEBUG=1",
					"$(inherited)",
				);
				GCC_WARN_64_TO_32_BIT_CONVERSION = YES;
				GCC_WARN_ABOUT_RETURN_TYPE = YES_ERROR;
				GCC_WARN_UNDECLARED_SELECTOR = YES;
				GCC_WARN_UNINITIALIZED_AUTOS = YES_AGGRESSIVE;
				GCC_WARN_UNUSED_FUNCTION = YES;
				GCC_WARN_UNUSED_VARIABLE = YES;
				IPHONEOS_DEPLOYMENT_TARGET = 17.0;
				LOCALIZATION_PREFERS_STRING_CATALOGS = YES;
				MTL_ENABLE_DEBUG_INFO = INCLUDE_SOURCE;
				MTL_FAST_MATH = YES;
				ONLY_ACTIVE_ARCH = YES;
				SDKROOT = iphoneos;
				SWIFT_ACTIVE_COMPILATION_CONDITIONS = "DEBUG $(inherited)";
				SWIFT_OPTIMIZATION_LEVEL = "-Onone";
			};
			name = Debug;
		};
		02C7037E2AE60BCF00E27B2A /* Release */ = {
			isa = XCBuildConfiguration;
			buildSettings = {
				ALWAYS_SEARCH_USER_PATHS = NO;
				ASSETCATALOG_COMPILER_GENERATE_SWIFT_ASSET_SYMBOL_EXTENSIONS = YES;
				CLANG_ANALYZER_NONNULL = YES;
				CLANG_ANALYZER_NUMBER_OBJECT_CONVERSION = YES_AGGRESSIVE;
				CLANG_CXX_LANGUAGE_STANDARD = "gnu++20";
				CLANG_ENABLE_MODULES = YES;
				CLANG_ENABLE_OBJC_ARC = YES;
				CLANG_ENABLE_OBJC_WEAK = YES;
				CLANG_WARN_BLOCK_CAPTURE_AUTORELEASING = YES;
				CLANG_WARN_BOOL_CONVERSION = YES;
				CLANG_WARN_COMMA = YES;
				CLANG_WARN_CONSTANT_CONVERSION = YES;
				CLANG_WARN_DEPRECATED_OBJC_IMPLEMENTATIONS = YES;
				CLANG_WARN_DIRECT_OBJC_ISA_USAGE = YES_ERROR;
				CLANG_WARN_DOCUMENTATION_COMMENTS = YES;
				CLANG_WARN_EMPTY_BODY = YES;
				CLANG_WARN_ENUM_CONVERSION = YES;
				CLANG_WARN_INFINITE_RECURSION = YES;
				CLANG_WARN_INT_CONVERSION = YES;
				CLANG_WARN_NON_LITERAL_NULL_CONVERSION = YES;
				CLANG_WARN_OBJC_IMPLICIT_RETAIN_SELF = YES;
				CLANG_WARN_OBJC_LITERAL_CONVERSION = YES;
				CLANG_WARN_OBJC_ROOT_CLASS = YES_ERROR;
				CLANG_WARN_QUOTED_INCLUDE_IN_FRAMEWORK_HEADER = YES;
				CLANG_WARN_RANGE_LOOP_ANALYSIS = YES;
				CLANG_WARN_STRICT_PROTOTYPES = YES;
				CLANG_WARN_SUSPICIOUS_MOVE = YES;
				CLANG_WARN_UNGUARDED_AVAILABILITY = YES_AGGRESSIVE;
				CLANG_WARN_UNREACHABLE_CODE = YES;
				CLANG_WARN__DUPLICATE_METHOD_MATCH = YES;
				COPY_PHASE_STRIP = NO;
				DEBUG_INFORMATION_FORMAT = "dwarf-with-dsym";
				ENABLE_NS_ASSERTIONS = NO;
				ENABLE_STRICT_OBJC_MSGSEND = YES;
				ENABLE_USER_SCRIPT_SANDBOXING = NO;
				GCC_C_LANGUAGE_STANDARD = gnu17;
				GCC_NO_COMMON_BLOCKS = YES;
				GCC_WARN_64_TO_32_BIT_CONVERSION = YES;
				GCC_WARN_ABOUT_RETURN_TYPE = YES_ERROR;
				GCC_WARN_UNDECLARED_SELECTOR = YES;
				GCC_WARN_UNINITIALIZED_AUTOS = YES_AGGRESSIVE;
				GCC_WARN_UNUSED_FUNCTION = YES;
				GCC_WARN_UNUSED_VARIABLE = YES;
				IPHONEOS_DEPLOYMENT_TARGET = 17.0;
				LOCALIZATION_PREFERS_STRING_CATALOGS = YES;
				MTL_ENABLE_DEBUG_INFO = NO;
				MTL_FAST_MATH = YES;
				SDKROOT = iphoneos;
				SWIFT_COMPILATION_MODE = wholemodule;
				VALIDATE_PRODUCT = YES;
			};
			name = Release;
		};
		02C703802AE60BCF00E27B2A /* Debug */ = {
			isa = XCBuildConfiguration;
			baseConfigurationReference = 39C008DE655C3F50301FA68D /* Pods-ChameleonExample.debug.xcconfig */;
			buildSettings = {
				ASSETCATALOG_COMPILER_APPICON_NAME = AppIcon;
				ASSETCATALOG_COMPILER_GLOBAL_ACCENT_COLOR_NAME = AccentColor;
				CODE_SIGN_STYLE = Automatic;
				CURRENT_PROJECT_VERSION = 1;
				DEVELOPMENT_TEAM = 68P2WV4DR3;
				GENERATE_INFOPLIST_FILE = YES;
				INFOPLIST_FILE = ChameleonExample/Info.plist;
				INFOPLIST_KEY_UIApplicationSupportsIndirectInputEvents = YES;
				INFOPLIST_KEY_UILaunchStoryboardName = LaunchScreen;
				INFOPLIST_KEY_UIMainStoryboardFile = Main;
				INFOPLIST_KEY_UISupportedInterfaceOrientations_iPad = "UIInterfaceOrientationPortrait UIInterfaceOrientationPortraitUpsideDown UIInterfaceOrientationLandscapeLeft UIInterfaceOrientationLandscapeRight";
				INFOPLIST_KEY_UISupportedInterfaceOrientations_iPhone = "UIInterfaceOrientationPortrait UIInterfaceOrientationLandscapeLeft UIInterfaceOrientationLandscapeRight";
				IPHONEOS_DEPLOYMENT_TARGET = 15.0;
				LD_RUNPATH_SEARCH_PATHS = (
					"$(inherited)",
					"@executable_path/Frameworks",
				);
				MARKETING_VERSION = 1.0;
				PRODUCT_BUNDLE_IDENTIFIER = com.lily.ChameleonExample;
				PRODUCT_NAME = "$(TARGET_NAME)";
				SWIFT_EMIT_LOC_STRINGS = YES;
				SWIFT_VERSION = 5.0;
				TARGETED_DEVICE_FAMILY = "1,2";
			};
			name = Debug;
		};
		02C703812AE60BCF00E27B2A /* Release */ = {
			isa = XCBuildConfiguration;
			baseConfigurationReference = FF8FCE6E8931E5A096086F14 /* Pods-ChameleonExample.release.xcconfig */;
			buildSettings = {
				ASSETCATALOG_COMPILER_APPICON_NAME = AppIcon;
				ASSETCATALOG_COMPILER_GLOBAL_ACCENT_COLOR_NAME = AccentColor;
				CODE_SIGN_STYLE = Automatic;
				CURRENT_PROJECT_VERSION = 1;
				DEVELOPMENT_TEAM = 68P2WV4DR3;
				GENERATE_INFOPLIST_FILE = YES;
				INFOPLIST_FILE = ChameleonExample/Info.plist;
				INFOPLIST_KEY_UIApplicationSupportsIndirectInputEvents = YES;
				INFOPLIST_KEY_UILaunchStoryboardName = LaunchScreen;
				INFOPLIST_KEY_UIMainStoryboardFile = Main;
				INFOPLIST_KEY_UISupportedInterfaceOrientations_iPad = "UIInterfaceOrientationPortrait UIInterfaceOrientationPortraitUpsideDown UIInterfaceOrientationLandscapeLeft UIInterfaceOrientationLandscapeRight";
				INFOPLIST_KEY_UISupportedInterfaceOrientations_iPhone = "UIInterfaceOrientationPortrait UIInterfaceOrientationLandscapeLeft UIInterfaceOrientationLandscapeRight";
				IPHONEOS_DEPLOYMENT_TARGET = 15.0;
				LD_RUNPATH_SEARCH_PATHS = (
					"$(inherited)",
					"@executable_path/Frameworks",
				);
				MARKETING_VERSION = 1.0;
				PRODUCT_BUNDLE_IDENTIFIER = com.lily.ChameleonExample;
				PRODUCT_NAME = "$(TARGET_NAME)";
				SWIFT_EMIT_LOC_STRINGS = YES;
				SWIFT_VERSION = 5.0;
				TARGETED_DEVICE_FAMILY = "1,2";
			};
			name = Release;
		};
/* End XCBuildConfiguration section */

/* Begin XCConfigurationList section */
		02C703662AE60BCE00E27B2A /* Build configuration list for PBXProject "ChameleonExample" */ = {
			isa = XCConfigurationList;
			buildConfigurations = (
				02C7037D2AE60BCF00E27B2A /* Debug */,
				02C7037E2AE60BCF00E27B2A /* Release */,
			);
			defaultConfigurationIsVisible = 0;
			defaultConfigurationName = Release;
		};
		02C7037F2AE60BCF00E27B2A /* Build configuration list for PBXNativeTarget "ChameleonExample" */ = {
			isa = XCConfigurationList;
			buildConfigurations = (
				02C703802AE60BCF00E27B2A /* Debug */,
				02C703812AE60BCF00E27B2A /* Release */,
			);
			defaultConfigurationIsVisible = 0;
			defaultConfigurationName = Release;
		};
/* End XCConfigurationList section */
	};
	rootObject = 02C703632AE60BCE00E27B2A /* Project object */;
}
